
Microsoft Visual Studio Solution File, Format Version 12.00
# Visual Studio Version 17
VisualStudioVersion = 17.11.35312.102
MinimumVisualStudioVersion = 10.0.40219.1
Project("{9A19103F-16F7-4668-BE54-9A1E7A4F7556}") = "DumplingsEFCore", "DumplingsEFCore\DumplingsEFCore.csproj", "{08048FED-5C4B-4E29-9992-53CC559B0C31}"
EndProject
Project("{9A19103F-16F7-4668-BE54-9A1E7A4F7556}") = "publisherData", "publisherData\publisherData.csproj", "{C81E8490-BF39-40F9-AA5E-F852C90D1A19}"
EndProject
Project("{FAE04EC0-301F-11D3-BF4B-00C04F79EFBC}") = "DumplingWPF", "DumplingWPF\DumplingWPF.csproj", "{E415D42B-BDDC-4CD1-9BBD-47E414AE7387}"
EndProject
Project("{FAE04EC0-301F-11D3-BF4B-00C04F79EFBC}") = "DumplingApi", "DumplingApi\DumplingApi.csproj", "{E26A91CA-3B5B-48D6-85CD-123F47D5BF04}"
EndProject
Global
	GlobalSection(SolutionConfigurationPlatforms) = preSolution
		Debug|Any CPU = Debug|Any CPU
		Release|Any CPU = Release|Any CPU
	EndGlobalSection
	GlobalSection(ProjectConfigurationPlatforms) = postSolution
		{08048FED-5C4B-4E29-9992-53CC559B0C31}.Debug|Any CPU.ActiveCfg = Debug|Any CPU
		{08048FED-5C4B-4E29-9992-53CC559B0C31}.Debug|Any CPU.Build.0 = Debug|Any CPU
		{08048FED-5C4B-4E29-9992-53CC559B0C31}.Release|Any CPU.ActiveCfg = Release|Any CPU
		{08048FED-5C4B-4E29-9992-53CC559B0C31}.Release|Any CPU.Build.0 = Release|Any CPU
		{C81E8490-BF39-40F9-AA5E-F852C90D1A19}.Debug|Any CPU.ActiveCfg = Debug|Any CPU
		{C81E8490-BF39-40F9-AA5E-F852C90D1A19}.Debug|Any CPU.Build.0 = Debug|Any CPU
		{C81E8490-BF39-40F9-AA5E-F852C90D1A19}.Release|Any CPU.ActiveCfg = Release|Any CPU
		{C81E8490-BF39-40F9-AA5E-F852C90D1A19}.Release|Any CPU.Build.0 = Release|Any CPU
		{E415D42B-BDDC-4CD1-9BBD-47E414AE7387}.Debug|Any CPU.ActiveCfg = Debug|Any CPU
		{E415D42B-BDDC-4CD1-9BBD-47E414AE7387}.Debug|Any CPU.Build.0 = Debug|Any CPU
		{E415D42B-BDDC-4CD1-9BBD-47E414AE7387}.Release|Any CPU.ActiveCfg = Release|Any CPU
		{E415D42B-BDDC-4CD1-9BBD-47E414AE7387}.Release|Any CPU.Build.0 = Release|Any CPU
		{E26A91CA-3B5B-48D6-85CD-123F47D5BF04}.Debug|Any CPU.ActiveCfg = Debug|Any CPU
		{E26A91CA-3B5B-48D6-85CD-123F47D5BF04}.Debug|Any CPU.Build.0 = Debug|Any CPU
		{E26A91CA-3B5B-48D6-85CD-123F47D5BF04}.Release|Any CPU.ActiveCfg = Release|Any CPU
		{E26A91CA-3B5B-48D6-85CD-123F47D5BF04}.Release|Any CPU.Build.0 = Release|Any CPU
	EndGlobalSection
	GlobalSection(SolutionProperties) = preSolution
		HideSolutionNode = FALSE
	EndGlobalSection
	GlobalSection(ExtensibilityGlobals) = postSolution
		SolutionGuid = {01B27016-C92F-42F9-AF32-38BCDBE9EAC3}
	EndGlobalSection
EndGlobal
